
Microsoft Visual Studio Solution File, Format Version 12.00
# Visual Studio Version 17
VisualStudioVersion = 17.7.34221.43
MinimumVisualStudioVersion = 10.0.40219.1
Project("{8BC9CEB8-8B4A-11D0-8D11-00A0C91BC942}") = "cpp_appl_13", "cpp_appl_13\cpp_appl_13.vcxproj", "{B69C90AD-88CC-4005-BB44-D388B8BD23D7}"
EndProject
Global
	GlobalSection(SolutionConfigurationPlatforms) = preSolution
		Debug|x64 = Debug|x64
		Debug|x86 = Debug|x86
		Release|x64 = Release|x64
		Release|x86 = Release|x86
	EndGlobalSection
	GlobalSection(ProjectConfigurationPlatforms) = postSolution
		{B69C90AD-88CC-4005-BB44-D388B8BD23D7}.Debug|x64.ActiveCfg = Debug|x64
		{B69C90AD-88CC-4005-BB44-D388B8BD23D7}.Debug|x64.Build.0 = Debug|x64
		{B69C90AD-88CC-4005-BB44-D388B8BD23D7}.Debug|x86.ActiveCfg = Debug|Win32
		{B69C90AD-88CC-4005-BB44-D388B8BD23D7}.Debug|x86.Build.0 = Debug|Win32
		{B69C90AD-88CC-4005-BB44-D388B8BD23D7}.Release|x64.ActiveCfg = Release|x64
		{B69C90AD-88CC-4005-BB44-D388B8BD23D7}.Release|x64.Build.0 = Release|x64
		{B69C90AD-88CC-4005-BB44-D388B8BD23D7}.Release|x86.ActiveCfg = Release|Win32
		{B69C90AD-88CC-4005-BB44-D388B8BD23D7}.Release|x86.Build.0 = Release|Win32
	EndGlobalSection
	GlobalSection(SolutionProperties) = preSolution
		HideSolutionNode = FALSE
	EndGlobalSection
	GlobalSection(ExtensibilityGlobals) = postSolution
		SolutionGuid = {85F72551-E88C-4450-94D7-9EBD07DD833E}
	EndGlobalSection
EndGlobal
